// !$*UTF8*$!
{
	archiveVersion = 1;
	classes = {
	};
	objectVersion = 48;
	objects = {

/* Begin PBXBuildFile section */
		8B52BFB920A56C130046E025 /* main.cpp in Sources */ = {isa = PBXBuildFile; fileRef = 8B52BFB820A56C130046E025 /* main.cpp */; };
		8B52BFC320A56E4F0046E025 /* libsfml-system.2.4.2.dylib in Frameworks */ = {isa = PBXBuildFile; fileRef = 8B52BFC020A56E4F0046E025 /* libsfml-system.2.4.2.dylib */; };
		8B52BFC420A56E4F0046E025 /* libsfml-window.2.4.2.dylib in Frameworks */ = {isa = PBXBuildFile; fileRef = 8B52BFC120A56E4F0046E025 /* libsfml-window.2.4.2.dylib */; };
		8B52BFC520A56E4F0046E025 /* libsfml-graphics.2.4.2.dylib in Frameworks */ = {isa = PBXBuildFile; fileRef = 8B52BFC220A56E4F0046E025 /* libsfml-graphics.2.4.2.dylib */; };
		8B52BFC920A576890046E025 /* StateMachine.cpp in Sources */ = {isa = PBXBuildFile; fileRef = 8B52BFC720A576880046E025 /* StateMachine.cpp */; };
		8B52BFCC20A6599A0046E025 /* AssetManager.cpp in Sources */ = {isa = PBXBuildFile; fileRef = 8B52BFCA20A6599A0046E025 /* AssetManager.cpp */; };
		8B52BFCF20A65E780046E025 /* InputManager.cpp in Sources */ = {isa = PBXBuildFile; fileRef = 8B52BFCD20A65E780046E025 /* InputManager.cpp */; };
		8B52BFD220A6AC470046E025 /* Game.cpp in Sources */ = {isa = PBXBuildFile; fileRef = 8B52BFD020A6AC470046E025 /* Game.cpp */; };
		8B52BFD620A6DBB70046E025 /* SplashState.cpp in Sources */ = {isa = PBXBuildFile; fileRef = 8B52BFD420A6DBB70046E025 /* SplashState.cpp */; };
		8B52BFD920A6E2C00046E025 /* MainMenuState.cpp in Sources */ = {isa = PBXBuildFile; fileRef = 8B52BFD720A6E2C00046E025 /* MainMenuState.cpp */; };
		8B52BFDC20A6EEAB0046E025 /* GameState.cpp in Sources */ = {isa = PBXBuildFile; fileRef = 8B52BFDA20A6EEAB0046E025 /* GameState.cpp */; };
		8B52BFDF20A6F4BE0046E025 /* PauseState.cpp in Sources */ = {isa = PBXBuildFile; fileRef = 8B52BFDD20A6F4BE0046E025 /* PauseState.cpp */; };
		8B52BFE220A79FB90046E025 /* GameOverState.cpp in Sources */ = {isa = PBXBuildFile; fileRef = 8B52BFE020A79FB90046E025 /* GameOverState.cpp */; };
		8B52BFE520A7B51A0046E025 /* AI.cpp in Sources */ = {isa = PBXBuildFile; fileRef = 8B52BFE320A7B51A0046E025 /* AI.cpp */; };
/* End PBXBuildFile section */

/* Begin PBXCopyFilesBuildPhase section */
		8B52BFB320A56C130046E025 /* CopyFiles */ = {
			isa = PBXCopyFilesBuildPhase;
			buildActionMask = 2147483647;
			dstPath = /usr/share/man/man1/;
			dstSubfolderSpec = 0;
			files = (
			);
			runOnlyForDeploymentPostprocessing = 1;
		};
/* End PBXCopyFilesBuildPhase section */

/* Begin PBXFileReference section */
		8B52BFB520A56C130046E025 /* SFML tutorial */ = {isa = PBXFileReference; explicitFileType = "compiled.mach-o.executable"; includeInIndex = 0; path = "SFML tutorial"; sourceTree = BUILT_PRODUCTS_DIR; };
		8B52BFB820A56C130046E025 /* main.cpp */ = {isa = PBXFileReference; lastKnownFileType = sourcecode.cpp.cpp; path = main.cpp; sourceTree = "<group>"; };
		8B52BFC020A56E4F0046E025 /* libsfml-system.2.4.2.dylib */ = {isa = PBXFileReference; lastKnownFileType = "compiled.mach-o.dylib"; name = "libsfml-system.2.4.2.dylib"; path = "../../../../usr/local/Cellar/sfml/2.4.2_1/lib/libsfml-system.2.4.2.dylib"; sourceTree = "<group>"; };
		8B52BFC120A56E4F0046E025 /* libsfml-window.2.4.2.dylib */ = {isa = PBXFileReference; lastKnownFileType = "compiled.mach-o.dylib"; name = "libsfml-window.2.4.2.dylib"; path = "../../../../usr/local/Cellar/sfml/2.4.2_1/lib/libsfml-window.2.4.2.dylib"; sourceTree = "<group>"; };
		8B52BFC220A56E4F0046E025 /* libsfml-graphics.2.4.2.dylib */ = {isa = PBXFileReference; lastKnownFileType = "compiled.mach-o.dylib"; name = "libsfml-graphics.2.4.2.dylib"; path = "../../../../usr/local/Cellar/sfml/2.4.2_1/lib/libsfml-graphics.2.4.2.dylib"; sourceTree = "<group>"; };
		8B52BFC620A574DE0046E025 /* State.hpp */ = {isa = PBXFileReference; lastKnownFileType = sourcecode.cpp.h; path = State.hpp; sourceTree = "<group>"; };
		8B52BFC720A576880046E025 /* StateMachine.cpp */ = {isa = PBXFileReference; lastKnownFileType = sourcecode.cpp.cpp; path = StateMachine.cpp; sourceTree = "<group>"; };
		8B52BFC820A576890046E025 /* StateMachine.hpp */ = {isa = PBXFileReference; lastKnownFileType = sourcecode.cpp.h; path = StateMachine.hpp; sourceTree = "<group>"; };
		8B52BFCA20A6599A0046E025 /* AssetManager.cpp */ = {isa = PBXFileReference; lastKnownFileType = sourcecode.cpp.cpp; path = AssetManager.cpp; sourceTree = "<group>"; };
		8B52BFCB20A6599A0046E025 /* AssetManager.hpp */ = {isa = PBXFileReference; lastKnownFileType = sourcecode.cpp.h; path = AssetManager.hpp; sourceTree = "<group>"; };
		8B52BFCD20A65E780046E025 /* InputManager.cpp */ = {isa = PBXFileReference; lastKnownFileType = sourcecode.cpp.cpp; path = InputManager.cpp; sourceTree = "<group>"; };
		8B52BFCE20A65E780046E025 /* InputManager.hpp */ = {isa = PBXFileReference; lastKnownFileType = sourcecode.cpp.h; path = InputManager.hpp; sourceTree = "<group>"; };
		8B52BFD020A6AC470046E025 /* Game.cpp */ = {isa = PBXFileReference; lastKnownFileType = sourcecode.cpp.cpp; path = Game.cpp; sourceTree = "<group>"; };
		8B52BFD120A6AC470046E025 /* Game.hpp */ = {isa = PBXFileReference; lastKnownFileType = sourcecode.cpp.h; path = Game.hpp; sourceTree = "<group>"; };
		8B52BFD320A6D92B0046E025 /* DEFINITIONS.hpp */ = {isa = PBXFileReference; lastKnownFileType = sourcecode.cpp.h; path = DEFINITIONS.hpp; sourceTree = "<group>"; };
		8B52BFD420A6DBB70046E025 /* SplashState.cpp */ = {isa = PBXFileReference; lastKnownFileType = sourcecode.cpp.cpp; path = SplashState.cpp; sourceTree = "<group>"; };
		8B52BFD520A6DBB70046E025 /* SplashState.hpp */ = {isa = PBXFileReference; lastKnownFileType = sourcecode.cpp.h; path = SplashState.hpp; sourceTree = "<group>"; };
		8B52BFD720A6E2C00046E025 /* MainMenuState.cpp */ = {isa = PBXFileReference; lastKnownFileType = sourcecode.cpp.cpp; path = MainMenuState.cpp; sourceTree = "<group>"; };
		8B52BFD820A6E2C00046E025 /* MainMenuState.hpp */ = {isa = PBXFileReference; lastKnownFileType = sourcecode.cpp.h; path = MainMenuState.hpp; sourceTree = "<group>"; };
		8B52BFDA20A6EEAB0046E025 /* GameState.cpp */ = {isa = PBXFileReference; lastKnownFileType = sourcecode.cpp.cpp; path = GameState.cpp; sourceTree = "<group>"; };
		8B52BFDB20A6EEAB0046E025 /* GameState.hpp */ = {isa = PBXFileReference; lastKnownFileType = sourcecode.cpp.h; path = GameState.hpp; sourceTree = "<group>"; };
		8B52BFDD20A6F4BE0046E025 /* PauseState.cpp */ = {isa = PBXFileReference; lastKnownFileType = sourcecode.cpp.cpp; path = PauseState.cpp; sourceTree = "<group>"; };
		8B52BFDE20A6F4BE0046E025 /* PauseState.hpp */ = {isa = PBXFileReference; lastKnownFileType = sourcecode.cpp.h; path = PauseState.hpp; sourceTree = "<group>"; };
		8B52BFE020A79FB90046E025 /* GameOverState.cpp */ = {isa = PBXFileReference; lastKnownFileType = sourcecode.cpp.cpp; path = GameOverState.cpp; sourceTree = "<group>"; };
		8B52BFE120A79FB90046E025 /* GameOverState.hpp */ = {isa = PBXFileReference; lastKnownFileType = sourcecode.cpp.h; path = GameOverState.hpp; sourceTree = "<group>"; };
		8B52BFE320A7B51A0046E025 /* AI.cpp */ = {isa = PBXFileReference; lastKnownFileType = sourcecode.cpp.cpp; path = AI.cpp; sourceTree = "<group>"; };
		8B52BFE420A7B51A0046E025 /* AI.hpp */ = {isa = PBXFileReference; lastKnownFileType = sourcecode.cpp.h; path = AI.hpp; sourceTree = "<group>"; };
/* End PBXFileReference section */

/* Begin PBXFrameworksBuildPhase section */
		8B52BFB220A56C130046E025 /* Frameworks */ = {
			isa = PBXFrameworksBuildPhase;
			buildActionMask = 2147483647;
			files = (
				8B52BFC320A56E4F0046E025 /* libsfml-system.2.4.2.dylib in Frameworks */,
				8B52BFC420A56E4F0046E025 /* libsfml-window.2.4.2.dylib in Frameworks */,
				8B52BFC520A56E4F0046E025 /* libsfml-graphics.2.4.2.dylib in Frameworks */,
			);
			runOnlyForDeploymentPostprocessing = 0;
		};
/* End PBXFrameworksBuildPhase section */

/* Begin PBXGroup section */
		8B52BFAC20A56C130046E025 = {
			isa = PBXGroup;
			children = (
				8B52BFB720A56C130046E025 /* SFML tutorial */,
				8B52BFB620A56C130046E025 /* Products */,
				8B52BFBF20A56E4E0046E025 /* Frameworks */,
			);
			sourceTree = "<group>";
		};
		8B52BFB620A56C130046E025 /* Products */ = {
			isa = PBXGroup;
			children = (
				8B52BFB520A56C130046E025 /* SFML tutorial */,
			);
			name = Products;
			sourceTree = "<group>";
		};
		8B52BFB720A56C130046E025 /* SFML tutorial */ = {
			isa = PBXGroup;
			children = (
				8B52BFB820A56C130046E025 /* main.cpp */,
				8B52BFDD20A6F4BE0046E025 /* PauseState.cpp */,
				8B52BFDE20A6F4BE0046E025 /* PauseState.hpp */,
				8B52BFD720A6E2C00046E025 /* MainMenuState.cpp */,
				8B52BFD820A6E2C00046E025 /* MainMenuState.hpp */,
				8B52BFD020A6AC470046E025 /* Game.cpp */,
				8B52BFD120A6AC470046E025 /* Game.hpp */,
				8B52BFD420A6DBB70046E025 /* SplashState.cpp */,
				8B52BFD520A6DBB70046E025 /* SplashState.hpp */,
				8B52BFC620A574DE0046E025 /* State.hpp */,
				8B52BFC720A576880046E025 /* StateMachine.cpp */,
				8B52BFC820A576890046E025 /* StateMachine.hpp */,
				8B52BFCA20A6599A0046E025 /* AssetManager.cpp */,
				8B52BFCB20A6599A0046E025 /* AssetManager.hpp */,
				8B52BFCD20A65E780046E025 /* InputManager.cpp */,
				8B52BFCE20A65E780046E025 /* InputManager.hpp */,
				8B52BFD320A6D92B0046E025 /* DEFINITIONS.hpp */,
				8B52BFE020A79FB90046E025 /* GameOverState.cpp */,
				8B52BFE120A79FB90046E025 /* GameOverState.hpp */,
				8B52BFDA20A6EEAB0046E025 /* GameState.cpp */,
				8B52BFDB20A6EEAB0046E025 /* GameState.hpp */,
				8B52BFE320A7B51A0046E025 /* AI.cpp */,
				8B52BFE420A7B51A0046E025 /* AI.hpp */,
			);
			path = "SFML tutorial";
			sourceTree = "<group>";
		};
		8B52BFBF20A56E4E0046E025 /* Frameworks */ = {
			isa = PBXGroup;
			children = (
				8B52BFC220A56E4F0046E025 /* libsfml-graphics.2.4.2.dylib */,
				8B52BFC020A56E4F0046E025 /* libsfml-system.2.4.2.dylib */,
				8B52BFC120A56E4F0046E025 /* libsfml-window.2.4.2.dylib */,
			);
			name = Frameworks;
			sourceTree = "<group>";
		};
/* End PBXGroup section */

/* Begin PBXNativeTarget section */
		8B52BFB420A56C130046E025 /* SFML tutorial */ = {
			isa = PBXNativeTarget;
			buildConfigurationList = 8B52BFBC20A56C130046E025 /* Build configuration list for PBXNativeTarget "SFML tutorial" */;
			buildPhases = (
				8B52BFB120A56C130046E025 /* Sources */,
				8B52BFB220A56C130046E025 /* Frameworks */,
				8B52BFB320A56C130046E025 /* CopyFiles */,
			);
			buildRules = (
			);
			dependencies = (
			);
			name = "SFML tutorial";
			productName = "SFML tutorial";
			productReference = 8B52BFB520A56C130046E025 /* SFML tutorial */;
			productType = "com.apple.product-type.tool";
		};
/* End PBXNativeTarget section */

/* Begin PBXProject section */
		8B52BFAD20A56C130046E025 /* Project object */ = {
			isa = PBXProject;
			attributes = {
				LastUpgradeCheck = 0900;
				ORGANIZATIONNAME = Roser;
				TargetAttributes = {
					8B52BFB420A56C130046E025 = {
						CreatedOnToolsVersion = 9.0.1;
						ProvisioningStyle = Automatic;
					};
				};
			};
			buildConfigurationList = 8B52BFB020A56C130046E025 /* Build configuration list for PBXProject "SFML tutorial" */;
			compatibilityVersion = "Xcode 8.0";
			developmentRegion = en;
			hasScannedForEncodings = 0;
			knownRegions = (
				en,
			);
			mainGroup = 8B52BFAC20A56C130046E025;
			productRefGroup = 8B52BFB620A56C130046E025 /* Products */;
			projectDirPath = "";
			projectRoot = "";
			targets = (
				8B52BFB420A56C130046E025 /* SFML tutorial */,
			);
		};
/* End PBXProject section */

/* Begin PBXSourcesBuildPhase section */
		8B52BFB120A56C130046E025 /* Sources */ = {
			isa = PBXSourcesBuildPhase;
			buildActionMask = 2147483647;
			files = (
				8B52BFD920A6E2C00046E025 /* MainMenuState.cpp in Sources */,
				8B52BFDF20A6F4BE0046E025 /* PauseState.cpp in Sources */,
				8B52BFDC20A6EEAB0046E025 /* GameState.cpp in Sources */,
				8B52BFCF20A65E780046E025 /* InputManager.cpp in Sources */,
				8B52BFE520A7B51A0046E025 /* AI.cpp in Sources */,
				8B52BFCC20A6599A0046E025 /* AssetManager.cpp in Sources */,
				8B52BFD620A6DBB70046E025 /* SplashState.cpp in Sources */,
				8B52BFB920A56C130046E025 /* main.cpp in Sources */,
				8B52BFC920A576890046E025 /* StateMachine.cpp in Sources */,
				8B52BFD220A6AC470046E025 /* Game.cpp in Sources */,
				8B52BFE220A79FB90046E025 /* GameOverState.cpp in Sources */,
			);
			runOnlyForDeploymentPostprocessing = 0;
		};
/* End PBXSourcesBuildPhase section */

/* Begin XCBuildConfiguration section */
		8B52BFBA20A56C130046E025 /* Debug */ = {
			isa = XCBuildConfiguration;
			buildSettings = {
				ALWAYS_SEARCH_USER_PATHS = NO;
				CLANG_ANALYZER_NONNULL = YES;
				CLANG_ANALYZER_NUMBER_OBJECT_CONVERSION = YES_AGGRESSIVE;
				CLANG_CXX_LANGUAGE_STANDARD = "gnu++14";
				CLANG_CXX_LIBRARY = "libc++";
				CLANG_ENABLE_MODULES = YES;
				CLANG_ENABLE_OBJC_ARC = YES;
				CLANG_WARN_BLOCK_CAPTURE_AUTORELEASING = YES;
				CLANG_WARN_BOOL_CONVERSION = YES;
				CLANG_WARN_COMMA = YES;
				CLANG_WARN_CONSTANT_CONVERSION = YES;
				CLANG_WARN_DIRECT_OBJC_ISA_USAGE = YES_ERROR;
				CLANG_WARN_DOCUMENTATION_COMMENTS = YES;
				CLANG_WARN_EMPTY_BODY = YES;
				CLANG_WARN_ENUM_CONVERSION = YES;
				CLANG_WARN_INFINITE_RECURSION = YES;
				CLANG_WARN_INT_CONVERSION = YES;
				CLANG_WARN_NON_LITERAL_NULL_CONVERSION = YES;
				CLANG_WARN_OBJC_LITERAL_CONVERSION = YES;
				CLANG_WARN_OBJC_ROOT_CLASS = YES_ERROR;
				CLANG_WARN_RANGE_LOOP_ANALYSIS = YES;
				CLANG_WARN_STRICT_PROTOTYPES = YES;
				CLANG_WARN_SUSPICIOUS_MOVE = YES;
				CLANG_WARN_UNGUARDED_AVAILABILITY = YES_AGGRESSIVE;
				CLANG_WARN_UNREACHABLE_CODE = YES;
				CLANG_WARN__DUPLICATE_METHOD_MATCH = YES;
				CODE_SIGN_IDENTITY = "-";
				COPY_PHASE_STRIP = NO;
				DEBUG_INFORMATION_FORMAT = dwarf;
				ENABLE_STRICT_OBJC_MSGSEND = YES;
				ENABLE_TESTABILITY = YES;
				GCC_C_LANGUAGE_STANDARD = gnu11;
				GCC_DYNAMIC_NO_PIC = NO;
				GCC_NO_COMMON_BLOCKS = YES;
				GCC_OPTIMIZATION_LEVEL = 0;
				GCC_PREPROCESSOR_DEFINITIONS = (
					"DEBUG=1",
					"$(inherited)",
				);
				GCC_WARN_64_TO_32_BIT_CONVERSION = YES;
				GCC_WARN_ABOUT_RETURN_TYPE = YES_ERROR;
				GCC_WARN_UNDECLARED_SELECTOR = YES;
				GCC_WARN_UNINITIALIZED_AUTOS = YES_AGGRESSIVE;
				GCC_WARN_UNUSED_FUNCTION = YES;
				GCC_WARN_UNUSED_VARIABLE = YES;
				MACOSX_DEPLOYMENT_TARGET = 10.13;
				MTL_ENABLE_DEBUG_INFO = YES;
				ONLY_ACTIVE_ARCH = YES;
				SDKROOT = macosx;
			};
			name = Debug;
		};
		8B52BFBB20A56C130046E025 /* Release */ = {
			isa = XCBuildConfiguration;
			buildSettings = {
				ALWAYS_SEARCH_USER_PATHS = NO;
				CLANG_ANALYZER_NONNULL = YES;
				CLANG_ANALYZER_NUMBER_OBJECT_CONVERSION = YES_AGGRESSIVE;
				CLANG_CXX_LANGUAGE_STANDARD = "gnu++14";
				CLANG_CXX_LIBRARY = "libc++";
				CLANG_ENABLE_MODULES = YES;
				CLANG_ENABLE_OBJC_ARC = YES;
				CLANG_WARN_BLOCK_CAPTURE_AUTORELEASING = YES;
				CLANG_WARN_BOOL_CONVERSION = YES;
				CLANG_WARN_COMMA = YES;
				CLANG_WARN_CONSTANT_CONVERSION = YES;
				CLANG_WARN_DIRECT_OBJC_ISA_USAGE = YES_ERROR;
				CLANG_WARN_DOCUMENTATION_COMMENTS = YES;
				CLANG_WARN_EMPTY_BODY = YES;
				CLANG_WARN_ENUM_CONVERSION = YES;
				CLANG_WARN_INFINITE_RECURSION = YES;
				CLANG_WARN_INT_CONVERSION = YES;
				CLANG_WARN_NON_LITERAL_NULL_CONVERSION = YES;
				CLANG_WARN_OBJC_LITERAL_CONVERSION = YES;
				CLANG_WARN_OBJC_ROOT_CLASS = YES_ERROR;
				CLANG_WARN_RANGE_LOOP_ANALYSIS = YES;
				CLANG_WARN_STRICT_PROTOTYPES = YES;
				CLANG_WARN_SUSPICIOUS_MOVE = YES;
				CLANG_WARN_UNGUARDED_AVAILABILITY = YES_AGGRESSIVE;
				CLANG_WARN_UNREACHABLE_CODE = YES;
				CLANG_WARN__DUPLICATE_METHOD_MATCH = YES;
				CODE_SIGN_IDENTITY = "-";
				COPY_PHASE_STRIP = NO;
				DEBUG_INFORMATION_FORMAT = "dwarf-with-dsym";
				ENABLE_NS_ASSERTIONS = NO;
				ENABLE_STRICT_OBJC_MSGSEND = YES;
				GCC_C_LANGUAGE_STANDARD = gnu11;
				GCC_NO_COMMON_BLOCKS = YES;
				GCC_WARN_64_TO_32_BIT_CONVERSION = YES;
				GCC_WARN_ABOUT_RETURN_TYPE = YES_ERROR;
				GCC_WARN_UNDECLARED_SELECTOR = YES;
				GCC_WARN_UNINITIALIZED_AUTOS = YES_AGGRESSIVE;
				GCC_WARN_UNUSED_FUNCTION = YES;
				GCC_WARN_UNUSED_VARIABLE = YES;
				MACOSX_DEPLOYMENT_TARGET = 10.13;
				MTL_ENABLE_DEBUG_INFO = NO;
				SDKROOT = macosx;
			};
			name = Release;
		};
		8B52BFBD20A56C130046E025 /* Debug */ = {
			isa = XCBuildConfiguration;
			buildSettings = {
				CODE_SIGN_STYLE = Automatic;
				"HEADER_SEARCH_PATHS[arch=*]" = /usr/local/include;
				LIBRARY_SEARCH_PATHS = (
					"$(inherited)",
					/usr/local/Cellar/sfml/2.4.2_1/lib,
				);
				PRODUCT_NAME = "$(TARGET_NAME)";
			};
			name = Debug;
		};
		8B52BFBE20A56C130046E025 /* Release */ = {
			isa = XCBuildConfiguration;
			buildSettings = {
				CODE_SIGN_STYLE = Automatic;
				LIBRARY_SEARCH_PATHS = (
					"$(inherited)",
					/usr/local/Cellar/sfml/2.4.2_1/lib,
				);
				PRODUCT_NAME = "$(TARGET_NAME)";
			};
			name = Release;
		};
/* End XCBuildConfiguration section */

/* Begin XCConfigurationList section */
		8B52BFB020A56C130046E025 /* Build configuration list for PBXProject "SFML tutorial" */ = {
			isa = XCConfigurationList;
			buildConfigurations = (
				8B52BFBA20A56C130046E025 /* Debug */,
				8B52BFBB20A56C130046E025 /* Release */,
			);
			defaultConfigurationIsVisible = 0;
			defaultConfigurationName = Release;
		};
		8B52BFBC20A56C130046E025 /* Build configuration list for PBXNativeTarget "SFML tutorial" */ = {
			isa = XCConfigurationList;
			buildConfigurations = (
				8B52BFBD20A56C130046E025 /* Debug */,
				8B52BFBE20A56C130046E025 /* Release */,
			);
			defaultConfigurationIsVisible = 0;
			defaultConfigurationName = Release;
		};
/* End XCConfigurationList section */
	};
	rootObject = 8B52BFAD20A56C130046E025 /* Project object */;
}
